
Microsoft Visual Studio Solution File, Format Version 12.00
# Visual Studio Version 17
VisualStudioVersion = 17.9.34701.34
MinimumVisualStudioVersion = 10.0.40219.1
Project("{FAE04EC0-301F-11D3-BF4B-00C04F79EFBC}") = "AppMvcFuncional", "src\AppMvcFuncional\AppMvcFuncional.csproj", "{8A345319-BF32-4116-BC18-1A4AF9D9C53D}"
EndProject
Global
	GlobalSection(SolutionConfigurationPlatforms) = preSolution
		Debug|Any CPU = Debug|Any CPU
		Release|Any CPU = Release|Any CPU
	EndGlobalSection
	GlobalSection(ProjectConfigurationPlatforms) = postSolution
		{8A345319-BF32-4116-BC18-1A4AF9D9C53D}.Debug|Any CPU.ActiveCfg = Debug|Any CPU
		{8A345319-BF32-4116-BC18-1A4AF9D9C53D}.Debug|Any CPU.Build.0 = Debug|Any CPU
		{8A345319-BF32-4116-BC18-1A4AF9D9C53D}.Release|Any CPU.ActiveCfg = Release|Any CPU
		{8A345319-BF32-4116-BC18-1A4AF9D9C53D}.Release|Any CPU.Build.0 = Release|Any CPU
	EndGlobalSection
	GlobalSection(SolutionProperties) = preSolution
		HideSolutionNode = FALSE
	EndGlobalSection
	GlobalSection(ExtensibilityGlobals) = postSolution
		SolutionGuid = {52B05DAC-8BBF-4CFD-B50D-BD3ECF9C9B63}
	EndGlobalSection
EndGlobal
